dependencies:
- name: common
  repository: https://charts.bitnami.com/bitnami
  version: 2.27.0
- name: redis
  repository: https://charts.bitnami.com/bitnami
  version: 20.7.1
- name: openfga
  repository: https://openfga.github.io/helm-charts
  version: 0.2.23
digest: sha256:a718a7ba0545b9324598974dd5fe3dc870874d4647892e4756868d695e298d30
generated: "2025-02-20T23:28:43.645119374Z"
