dependencies:
- name: common
  repository: https://charts.bitnami.com/bitnami
  version: 2.30.1
- name: redis
  repository: https://charts.bitnami.com/bitnami
  version: 20.13.4
- name: openfga
  repository: https://openfga.github.io/helm-charts
  version: 0.2.22
digest: sha256:c08b0ba463fb4f64c13c823289c073259e7a871852936103996c71fd41bc266d
generated: "2025-04-30T11:11:34.849042041Z"
